
Microsoft Visual Studio Solution File, Format Version 12.00
# Visual Studio Version 17
VisualStudioVersion = 17.7.34031.279
MinimumVisualStudioVersion = 10.0.40219.1
Project("{FAE04EC0-301F-11D3-BF4B-00C04F79EFBC}") = "PrimeiroPrjAOO", "PrimeiroPrjAOO\PrimeiroPrjAOO.csproj", "{BF0432F0-FB03-41D5-9CD1-CE1E14576CD3}"
EndProject
Global
	GlobalSection(SolutionConfigurationPlatforms) = preSolution
		Debug|Any CPU = Debug|Any CPU
		Release|Any CPU = Release|Any CPU
	EndGlobalSection
	GlobalSection(ProjectConfigurationPlatforms) = postSolution
		{BF0432F0-FB03-41D5-9CD1-CE1E14576CD3}.Debug|Any CPU.ActiveCfg = Debug|Any CPU
		{BF0432F0-FB03-41D5-9CD1-CE1E14576CD3}.Debug|Any CPU.Build.0 = Debug|Any CPU
		{BF0432F0-FB03-41D5-9CD1-CE1E14576CD3}.Release|Any CPU.ActiveCfg = Release|Any CPU
		{BF0432F0-FB03-41D5-9CD1-CE1E14576CD3}.Release|Any CPU.Build.0 = Release|Any CPU
	EndGlobalSection
	GlobalSection(SolutionProperties) = preSolution
		HideSolutionNode = FALSE
	EndGlobalSection
	GlobalSection(ExtensibilityGlobals) = postSolution
		SolutionGuid = {2EA19B65-DEA5-471C-AC85-7D424BD4208B}
	EndGlobalSection
EndGlobal
